
Microsoft Visual Studio Solution File, Format Version 12.00
# Visual Studio 14
VisualStudioVersion = 14.0.23107.0
MinimumVisualStudioVersion = 10.0.40219.1
Project("{FAE04EC0-301F-11D3-BF4B-00C04F79EFBC}") = "WindowsTime", "WindowsTime\WindowsTime.csproj", "{1052F4CE-EA7C-48BC-B019-BDD29A959769}"
EndProject
Project("{FAE04EC0-301F-11D3-BF4B-00C04F79EFBC}") = "WindowsTime.Web", "WindowsTime.Web\WindowsTime.Web.csproj", "{9C48AEE4-E9E8-415F-8FB7-6DB28D2BD09B}"
EndProject
Project("{FAE04EC0-301F-11D3-BF4B-00C04F79EFBC}") = "WindowsTime.Core", "WindowsTime.Core\WindowsTime.Core.csproj", "{BB1BA005-31B8-43DF-99CC-D30BCBC3FB50}"
EndProject
Project("{FAE04EC0-301F-11D3-BF4B-00C04F79EFBC}") = "WindowsTime.DAO", "WindowsTime.DAO\WindowsTime.DAO.csproj", "{72BB0DA6-3FBF-4793-8AA9-A26F5C287D4B}"
EndProject
Global
	GlobalSection(SolutionConfigurationPlatforms) = preSolution
		Debug|Any CPU = Debug|Any CPU
		Debug|x64 = Debug|x64
		Release|Any CPU = Release|Any CPU
		Release|x64 = Release|x64
	EndGlobalSection
	GlobalSection(ProjectConfigurationPlatforms) = postSolution
		{1052F4CE-EA7C-48BC-B019-BDD29A959769}.Debug|Any CPU.ActiveCfg = Debug|x64
		{1052F4CE-EA7C-48BC-B019-BDD29A959769}.Debug|Any CPU.Build.0 = Debug|x64
		{1052F4CE-EA7C-48BC-B019-BDD29A959769}.Debug|x64.ActiveCfg = Debug|x64
		{1052F4CE-EA7C-48BC-B019-BDD29A959769}.Debug|x64.Build.0 = Debug|x64
		{1052F4CE-EA7C-48BC-B019-BDD29A959769}.Release|Any CPU.ActiveCfg = Release|Any CPU
		{1052F4CE-EA7C-48BC-B019-BDD29A959769}.Release|Any CPU.Build.0 = Release|Any CPU
		{1052F4CE-EA7C-48BC-B019-BDD29A959769}.Release|x64.ActiveCfg = Release|x64
		{1052F4CE-EA7C-48BC-B019-BDD29A959769}.Release|x64.Build.0 = Release|x64
		{9C48AEE4-E9E8-415F-8FB7-6DB28D2BD09B}.Debug|Any CPU.ActiveCfg = Debug|Any CPU
		{9C48AEE4-E9E8-415F-8FB7-6DB28D2BD09B}.Debug|Any CPU.Build.0 = Debug|Any CPU
		{9C48AEE4-E9E8-415F-8FB7-6DB28D2BD09B}.Debug|x64.ActiveCfg = Debug|Any CPU
		{9C48AEE4-E9E8-415F-8FB7-6DB28D2BD09B}.Debug|x64.Build.0 = Debug|Any CPU
		{9C48AEE4-E9E8-415F-8FB7-6DB28D2BD09B}.Release|Any CPU.ActiveCfg = Release|Any CPU
		{9C48AEE4-E9E8-415F-8FB7-6DB28D2BD09B}.Release|Any CPU.Build.0 = Release|Any CPU
		{9C48AEE4-E9E8-415F-8FB7-6DB28D2BD09B}.Release|x64.ActiveCfg = Release|Any CPU
		{9C48AEE4-E9E8-415F-8FB7-6DB28D2BD09B}.Release|x64.Build.0 = Release|Any CPU
		{BB1BA005-31B8-43DF-99CC-D30BCBC3FB50}.Debug|Any CPU.ActiveCfg = Debug|Any CPU
		{BB1BA005-31B8-43DF-99CC-D30BCBC3FB50}.Debug|Any CPU.Build.0 = Debug|Any CPU
		{BB1BA005-31B8-43DF-99CC-D30BCBC3FB50}.Debug|x64.ActiveCfg = Debug|Any CPU
		{BB1BA005-31B8-43DF-99CC-D30BCBC3FB50}.Debug|x64.Build.0 = Debug|Any CPU
		{BB1BA005-31B8-43DF-99CC-D30BCBC3FB50}.Release|Any CPU.ActiveCfg = Release|Any CPU
		{BB1BA005-31B8-43DF-99CC-D30BCBC3FB50}.Release|Any CPU.Build.0 = Release|Any CPU
		{BB1BA005-31B8-43DF-99CC-D30BCBC3FB50}.Release|x64.ActiveCfg = Release|Any CPU
		{BB1BA005-31B8-43DF-99CC-D30BCBC3FB50}.Release|x64.Build.0 = Release|Any CPU
		{72BB0DA6-3FBF-4793-8AA9-A26F5C287D4B}.Debug|Any CPU.ActiveCfg = Debug|Any CPU
		{72BB0DA6-3FBF-4793-8AA9-A26F5C287D4B}.Debug|Any CPU.Build.0 = Debug|Any CPU
		{72BB0DA6-3FBF-4793-8AA9-A26F5C287D4B}.Debug|x64.ActiveCfg = Debug|Any CPU
		{72BB0DA6-3FBF-4793-8AA9-A26F5C287D4B}.Debug|x64.Build.0 = Debug|Any CPU
		{72BB0DA6-3FBF-4793-8AA9-A26F5C287D4B}.Release|Any CPU.ActiveCfg = Release|Any CPU
		{72BB0DA6-3FBF-4793-8AA9-A26F5C287D4B}.Release|Any CPU.Build.0 = Release|Any CPU
		{72BB0DA6-3FBF-4793-8AA9-A26F5C287D4B}.Release|x64.ActiveCfg = Release|Any CPU
		{72BB0DA6-3FBF-4793-8AA9-A26F5C287D4B}.Release|x64.Build.0 = Release|Any CPU
	EndGlobalSection
	GlobalSection(SolutionProperties) = preSolution
		HideSolutionNode = FALSE
	EndGlobalSection
EndGlobal
